
Microsoft Visual Studio Solution File, Format Version 12.00
# Visual Studio 15
VisualStudioVersion = 15.0.28307.757
MinimumVisualStudioVersion = 10.0.40219.1
Project("{FAE04EC0-301F-11D3-BF4B-00C04F79EFBC}") = "BL", "BL\BL.csproj", "{FCD00596-3A94-42FA-969D-6602F94D17BF}"
EndProject
Project("{FAE04EC0-301F-11D3-BF4B-00C04F79EFBC}") = "DAL", "DAL\DAL.csproj", "{A38DE9B1-D31F-49E0-9D4E-7E7B1A351615}"
EndProject
Project("{FAE04EC0-301F-11D3-BF4B-00C04F79EFBC}") = "DTO", "DTO\DTO.csproj", "{F403B5D5-C59E-4078-82A8-BA3F71853D27}"
EndProject
Project("{FAE04EC0-301F-11D3-BF4B-00C04F79EFBC}") = "WebAPI", "WebAPI\WebAPI.csproj", "{DC17F073-ABE7-48F2-A01C-F509999B8F00}"
EndProject
Global
	GlobalSection(SolutionConfigurationPlatforms) = preSolution
		Debug|Any CPU = Debug|Any CPU
		Release|Any CPU = Release|Any CPU
	EndGlobalSection
	GlobalSection(ProjectConfigurationPlatforms) = postSolution
		{FCD00596-3A94-42FA-969D-6602F94D17BF}.Debug|Any CPU.ActiveCfg = Debug|Any CPU
		{FCD00596-3A94-42FA-969D-6602F94D17BF}.Debug|Any CPU.Build.0 = Debug|Any CPU
		{FCD00596-3A94-42FA-969D-6602F94D17BF}.Release|Any CPU.ActiveCfg = Release|Any CPU
		{FCD00596-3A94-42FA-969D-6602F94D17BF}.Release|Any CPU.Build.0 = Release|Any CPU
		{A38DE9B1-D31F-49E0-9D4E-7E7B1A351615}.Debug|Any CPU.ActiveCfg = Debug|Any CPU
		{A38DE9B1-D31F-49E0-9D4E-7E7B1A351615}.Debug|Any CPU.Build.0 = Debug|Any CPU
		{A38DE9B1-D31F-49E0-9D4E-7E7B1A351615}.Release|Any CPU.ActiveCfg = Release|Any CPU
		{A38DE9B1-D31F-49E0-9D4E-7E7B1A351615}.Release|Any CPU.Build.0 = Release|Any CPU
		{F403B5D5-C59E-4078-82A8-BA3F71853D27}.Debug|Any CPU.ActiveCfg = Debug|Any CPU
		{F403B5D5-C59E-4078-82A8-BA3F71853D27}.Debug|Any CPU.Build.0 = Debug|Any CPU
		{F403B5D5-C59E-4078-82A8-BA3F71853D27}.Release|Any CPU.ActiveCfg = Release|Any CPU
		{F403B5D5-C59E-4078-82A8-BA3F71853D27}.Release|Any CPU.Build.0 = Release|Any CPU
		{DC17F073-ABE7-48F2-A01C-F509999B8F00}.Debug|Any CPU.ActiveCfg = Debug|Any CPU
		{DC17F073-ABE7-48F2-A01C-F509999B8F00}.Debug|Any CPU.Build.0 = Debug|Any CPU
		{DC17F073-ABE7-48F2-A01C-F509999B8F00}.Release|Any CPU.ActiveCfg = Release|Any CPU
		{DC17F073-ABE7-48F2-A01C-F509999B8F00}.Release|Any CPU.Build.0 = Release|Any CPU
	EndGlobalSection
	GlobalSection(SolutionProperties) = preSolution
		HideSolutionNode = FALSE
	EndGlobalSection
	GlobalSection(ExtensibilityGlobals) = postSolution
		SolutionGuid = {0637179A-0EF7-49C5-9D09-A301F06AF553}
	EndGlobalSection
EndGlobal
